
Microsoft Visual Studio Solution File, Format Version 12.00
# Visual Studio Version 16
VisualStudioVersion = 16.0.30413.136
MinimumVisualStudioVersion = 10.0.40219.1
Project("{FAE04EC0-301F-11D3-BF4B-00C04F79EFBC}") = "MethodsWithLoopsAndConditionals", "MethodsWithLoopsAndConditionals.csproj", "{24D9268C-D24F-43F2-8E2F-AA0E3D549411}"
EndProject
Global
	GlobalSection(SolutionConfigurationPlatforms) = preSolution
		Debug|Any CPU = Debug|Any CPU
		Release|Any CPU = Release|Any CPU
	EndGlobalSection
	GlobalSection(ProjectConfigurationPlatforms) = postSolution
		{24D9268C-D24F-43F2-8E2F-AA0E3D549411}.Debug|Any CPU.ActiveCfg = Debug|Any CPU
		{24D9268C-D24F-43F2-8E2F-AA0E3D549411}.Debug|Any CPU.Build.0 = Debug|Any CPU
		{24D9268C-D24F-43F2-8E2F-AA0E3D549411}.Release|Any CPU.ActiveCfg = Release|Any CPU
		{24D9268C-D24F-43F2-8E2F-AA0E3D549411}.Release|Any CPU.Build.0 = Release|Any CPU
	EndGlobalSection
	GlobalSection(SolutionProperties) = preSolution
		HideSolutionNode = FALSE
	EndGlobalSection
	GlobalSection(ExtensibilityGlobals) = postSolution
		SolutionGuid = {64D17F2B-83EA-41BD-AD66-096233880305}
	EndGlobalSection
EndGlobal
